
Microsoft Visual Studio Solution File, Format Version 12.00
# Visual Studio 2013
VisualStudioVersion = 12.0.31101.0
MinimumVisualStudioVersion = 10.0.40219.1
Project("{FAE04EC0-301F-11D3-BF4B-00C04F79EFBC}") = "Edfi.SampleDataGenerator", "edfi.sdg\Edfi.SampleDataGenerator.csproj", "{538ACC13-7B1E-4E7C-B7A0-FA371B22FD33}"
EndProject
Project("{FAE04EC0-301F-11D3-BF4B-00C04F79EFBC}") = "edfi.sdg.app", "edfi.sdg.app\edfi.sdg.app.csproj", "{15C85A07-72E7-4301-99F3-E8BE99668ED5}"
EndProject
Project("{FAE04EC0-301F-11D3-BF4B-00C04F79EFBC}") = "EdFi.SampleDataGenerator.Test", "edfi.sdg.test\EdFi.SampleDataGenerator.Test.csproj", "{375A7289-ABB5-41FF-B7ED-381C09EAA28F}"
EndProject
Project("{00D1A9C2-B5F0-4AF3-8072-F6C62B433612}") = "edfi.sdg.database", "edfi.sdg.database\edfi.sdg.database.sqlproj", "{D535B687-EC0D-4715-9D70-C84D5BD4BA19}"
EndProject
Project("{2150E333-8FDC-42A3-9474-1A3956D46DE8}") = "9.Tests", "9.Tests", "{D2BB25A8-45E3-42A4-A395-DAE39CC9274A}"
EndProject
Project("{2150E333-8FDC-42A3-9474-1A3956D46DE8}") = "1.Database", "1.Database", "{56546829-9D8F-406E-9A3A-0787EC0B23C8}"
EndProject
Project("{2150E333-8FDC-42A3-9474-1A3956D46DE8}") = "2.Entities", "2.Entities", "{4A1989A0-742D-4F87-BEA9-98971DAF720C}"
EndProject
Project("{2150E333-8FDC-42A3-9474-1A3956D46DE8}") = "7.App", "7.App", "{5757E3A7-91C7-4B48-BD78-AF539D14A2D9}"
	ProjectSection(SolutionItems) = preProject
		README.md = README.md
	EndProjectSection
EndProject
Project("{2150E333-8FDC-42A3-9474-1A3956D46DE8}") = "5.Service", "5.Service", "{BA031760-AD41-45E2-B6B3-5FA66575A8AF}"
EndProject
Project("{FAE04EC0-301F-11D3-BF4B-00C04F79EFBC}") = "edfi.sdg.database.test", "edfi.sdg.database.test\edfi.sdg.database.test.csproj", "{886C58B2-7F0E-4308-88D1-90655508F0A9}"
EndProject
Global
	GlobalSection(SolutionConfigurationPlatforms) = preSolution
		Debug|Any CPU = Debug|Any CPU
		Release|Any CPU = Release|Any CPU
	EndGlobalSection
	GlobalSection(ProjectConfigurationPlatforms) = postSolution
		{538ACC13-7B1E-4E7C-B7A0-FA371B22FD33}.Debug|Any CPU.ActiveCfg = Debug|Any CPU
		{538ACC13-7B1E-4E7C-B7A0-FA371B22FD33}.Debug|Any CPU.Build.0 = Debug|Any CPU
		{538ACC13-7B1E-4E7C-B7A0-FA371B22FD33}.Release|Any CPU.ActiveCfg = Release|Any CPU
		{538ACC13-7B1E-4E7C-B7A0-FA371B22FD33}.Release|Any CPU.Build.0 = Release|Any CPU
		{15C85A07-72E7-4301-99F3-E8BE99668ED5}.Debug|Any CPU.ActiveCfg = Debug|Any CPU
		{15C85A07-72E7-4301-99F3-E8BE99668ED5}.Debug|Any CPU.Build.0 = Debug|Any CPU
		{15C85A07-72E7-4301-99F3-E8BE99668ED5}.Release|Any CPU.ActiveCfg = Release|Any CPU
		{15C85A07-72E7-4301-99F3-E8BE99668ED5}.Release|Any CPU.Build.0 = Release|Any CPU
		{375A7289-ABB5-41FF-B7ED-381C09EAA28F}.Debug|Any CPU.ActiveCfg = Debug|Any CPU
		{375A7289-ABB5-41FF-B7ED-381C09EAA28F}.Debug|Any CPU.Build.0 = Debug|Any CPU
		{375A7289-ABB5-41FF-B7ED-381C09EAA28F}.Release|Any CPU.ActiveCfg = Release|Any CPU
		{375A7289-ABB5-41FF-B7ED-381C09EAA28F}.Release|Any CPU.Build.0 = Release|Any CPU
		{D535B687-EC0D-4715-9D70-C84D5BD4BA19}.Debug|Any CPU.ActiveCfg = Debug|Any CPU
		{D535B687-EC0D-4715-9D70-C84D5BD4BA19}.Debug|Any CPU.Build.0 = Debug|Any CPU
		{D535B687-EC0D-4715-9D70-C84D5BD4BA19}.Debug|Any CPU.Deploy.0 = Debug|Any CPU
		{D535B687-EC0D-4715-9D70-C84D5BD4BA19}.Release|Any CPU.ActiveCfg = Release|Any CPU
		{D535B687-EC0D-4715-9D70-C84D5BD4BA19}.Release|Any CPU.Build.0 = Release|Any CPU
		{D535B687-EC0D-4715-9D70-C84D5BD4BA19}.Release|Any CPU.Deploy.0 = Release|Any CPU
		{886C58B2-7F0E-4308-88D1-90655508F0A9}.Debug|Any CPU.ActiveCfg = Debug|Any CPU
		{886C58B2-7F0E-4308-88D1-90655508F0A9}.Debug|Any CPU.Build.0 = Debug|Any CPU
		{886C58B2-7F0E-4308-88D1-90655508F0A9}.Release|Any CPU.ActiveCfg = Release|Any CPU
		{886C58B2-7F0E-4308-88D1-90655508F0A9}.Release|Any CPU.Build.0 = Release|Any CPU
	EndGlobalSection
	GlobalSection(SolutionProperties) = preSolution
		HideSolutionNode = FALSE
	EndGlobalSection
	GlobalSection(NestedProjects) = preSolution
		{538ACC13-7B1E-4E7C-B7A0-FA371B22FD33} = {BA031760-AD41-45E2-B6B3-5FA66575A8AF}
		{15C85A07-72E7-4301-99F3-E8BE99668ED5} = {5757E3A7-91C7-4B48-BD78-AF539D14A2D9}
		{375A7289-ABB5-41FF-B7ED-381C09EAA28F} = {D2BB25A8-45E3-42A4-A395-DAE39CC9274A}
		{D535B687-EC0D-4715-9D70-C84D5BD4BA19} = {56546829-9D8F-406E-9A3A-0787EC0B23C8}
		{886C58B2-7F0E-4308-88D1-90655508F0A9} = {D2BB25A8-45E3-42A4-A395-DAE39CC9274A}
	EndGlobalSection
EndGlobal
